
Microsoft Visual Studio Solution File, Format Version 12.00
# Visual Studio Version 17
VisualStudioVersion = 17.10.35013.160
MinimumVisualStudioVersion = 10.0.40219.1
Project("{FAE04EC0-301F-11D3-BF4B-00C04F79EFBC}") = "UnionFindAlgs", "UnionFindAlgs\UnionFindAlgs.csproj", "{B3C44C8A-8DD9-4AD5-AE78-74A9E5DD2879}"
EndProject
Global
	GlobalSection(SolutionConfigurationPlatforms) = preSolution
		Debug|Any CPU = Debug|Any CPU
		Release|Any CPU = Release|Any CPU
	EndGlobalSection
	GlobalSection(ProjectConfigurationPlatforms) = postSolution
		{B3C44C8A-8DD9-4AD5-AE78-74A9E5DD2879}.Debug|Any CPU.ActiveCfg = Debug|Any CPU
		{B3C44C8A-8DD9-4AD5-AE78-74A9E5DD2879}.Debug|Any CPU.Build.0 = Debug|Any CPU
		{B3C44C8A-8DD9-4AD5-AE78-74A9E5DD2879}.Release|Any CPU.ActiveCfg = Release|Any CPU
		{B3C44C8A-8DD9-4AD5-AE78-74A9E5DD2879}.Release|Any CPU.Build.0 = Release|Any CPU
	EndGlobalSection
	GlobalSection(SolutionProperties) = preSolution
		HideSolutionNode = FALSE
	EndGlobalSection
	GlobalSection(ExtensibilityGlobals) = postSolution
		SolutionGuid = {2D7D4FF3-D633-4746-8229-CC99553CD83B}
	EndGlobalSection
EndGlobal
